{
  "nodes": {
    "crane": {
      "locked": {
        "lastModified": 1779041105,
        "narHash": "sha256-nnGD2f8OlAZT2i5OfwikJsw+ifWfiA4d6A8BWlgOXV0=",
        "owner": "ipetkov",
        "repo": "crane",
        "rev": "10e6e3cb966f7cfcc789fe5eee7a85f3188ce08b",
        "type": "github"
      },
      "original": {
        "owner": "ipetkov",
        "ref": "v0.23.4",
        "repo": "crane",
        "type": "github"
      }
    },
    "nixpkgs": {
      "locked": {
        "lastModified": 1782847189,
        "narHash": "sha256-twXPFqFsrrY5r28Zh7Homgcp2gUMBgQ6WDS98Q/3xFI=",
        "owner": "NixOS",
        "repo": "nixpkgs",
        "rev": "b6018f87da91d19d0ab4cf979885689b469cdd41",
        "type": "github"
      },
      "original": {
        "owner": "NixOS",
        "ref": "nixos-25.11",
        "repo": "nixpkgs",
        "type": "github"
      }
    },
    "root": {
      "inputs": {
        "crane": "crane",
        "nixpkgs": "nixpkgs"
      }
    }
  },
  "root": "root",
  "version": 7
}
